
Microsoft Visual Studio Solution File, Format Version 12.00
# Visual Studio Version 17
VisualStudioVersion = 17.4.33213.308
MinimumVisualStudioVersion = 10.0.40219.1
Project("{FAE04EC0-301F-11D3-BF4B-00C04F79EFBC}") = "modul6_1302213037", "modul6_1302213037.csproj", "{AE90E5FB-6F15-46ED-B37F-E36AE1214645}"
EndProject
Global
	GlobalSection(SolutionConfigurationPlatforms) = preSolution
		Debug|Any CPU = Debug|Any CPU
		Release|Any CPU = Release|Any CPU
	EndGlobalSection
	GlobalSection(ProjectConfigurationPlatforms) = postSolution
		{AE90E5FB-6F15-46ED-B37F-E36AE1214645}.Debug|Any CPU.ActiveCfg = Debug|Any CPU
		{AE90E5FB-6F15-46ED-B37F-E36AE1214645}.Debug|Any CPU.Build.0 = Debug|Any CPU
		{AE90E5FB-6F15-46ED-B37F-E36AE1214645}.Release|Any CPU.ActiveCfg = Release|Any CPU
		{AE90E5FB-6F15-46ED-B37F-E36AE1214645}.Release|Any CPU.Build.0 = Release|Any CPU
	EndGlobalSection
	GlobalSection(SolutionProperties) = preSolution
		HideSolutionNode = FALSE
	EndGlobalSection
	GlobalSection(ExtensibilityGlobals) = postSolution
		SolutionGuid = {2E6374AB-864B-49ED-A809-880F13ADEA95}
	EndGlobalSection
EndGlobal
